// !$*UTF8*$!
{
	archiveVersion = 1;
	classes = {
	};
	objectVersion = 46;
	objects = {

/* Begin PBXBuildFile section */
		2D8971E018DF52BC0049FCA1 /* Foundation.framework in Frameworks */ = {isa = PBXBuildFile; fileRef = 2D8971DF18DF52BC0049FCA1 /* Foundation.framework */; };
		2D8971E218DF52BC0049FCA1 /* CoreGraphics.framework in Frameworks */ = {isa = PBXBuildFile; fileRef = 2D8971E118DF52BC0049FCA1 /* CoreGraphics.framework */; };
		2D8971E418DF52BC0049FCA1 /* UIKit.framework in Frameworks */ = {isa = PBXBuildFile; fileRef = 2D8971E318DF52BC0049FCA1 /* UIKit.framework */; };
		2D8971EA18DF52BC0049FCA1 /* InfoPlist.strings in Resources */ = {isa = PBXBuildFile; fileRef = 2D8971E818DF52BC0049FCA1 /* InfoPlist.strings */; };
		2D8971EC18DF52BC0049FCA1 /* main.m in Sources */ = {isa = PBXBuildFile; fileRef = 2D8971EB18DF52BC0049FCA1 /* main.m */; };
		2D8971F018DF52BC0049FCA1 /* AMAppDelegate.m in Sources */ = {isa = PBXBuildFile; fileRef = 2D8971EF18DF52BC0049FCA1 /* AMAppDelegate.m */; };
		2D8971F318DF52BC0049FCA1 /* Main_iPhone.storyboard in Resources */ = {isa = PBXBuildFile; fileRef = 2D8971F118DF52BC0049FCA1 /* Main_iPhone.storyboard */; };
		2D8971F618DF52BC0049FCA1 /* Main_iPad.storyboard in Resources */ = {isa = PBXBuildFile; fileRef = 2D8971F418DF52BC0049FCA1 /* Main_iPad.storyboard */; };
		2D8971FB18DF52BC0049FCA1 /* Images.xcassets in Resources */ = {isa = PBXBuildFile; fileRef = 2D8971FA18DF52BC0049FCA1 /* Images.xcassets */; };
		2D89720218DF52BC0049FCA1 /* XCTest.framework in Frameworks */ = {isa = PBXBuildFile; fileRef = 2D89720118DF52BC0049FCA1 /* XCTest.framework */; };
		2D89720318DF52BC0049FCA1 /* Foundation.framework in Frameworks */ = {isa = PBXBuildFile; fileRef = 2D8971DF18DF52BC0049FCA1 /* Foundation.framework */; };
		2D89720418DF52BC0049FCA1 /* UIKit.framework in Frameworks */ = {isa = PBXBuildFile; fileRef = 2D8971E318DF52BC0049FCA1 /* UIKit.framework */; };
		2D89720C18DF52BC0049FCA1 /* InfoPlist.strings in Resources */ = {isa = PBXBuildFile; fileRef = 2D89720A18DF52BC0049FCA1 /* InfoPlist.strings */; };
		2D89720E18DF52BC0049FCA1 /* Lezione4_bTests.m in Sources */ = {isa = PBXBuildFile; fileRef = 2D89720D18DF52BC0049FCA1 /* Lezione4_bTests.m */; };
		2D89721918DF545F0049FCA1 /* AMAlbumListViewController.m in Sources */ = {isa = PBXBuildFile; fileRef = 2D89721818DF545F0049FCA1 /* AMAlbumListViewController.m */; };
		2D89721D18DF55F70049FCA1 /* AMAlbumEditViewController.m in Sources */ = {isa = PBXBuildFile; fileRef = 2D89721B18DF55F70049FCA1 /* AMAlbumEditViewController.m */; };
		2D89721E18DF55F70049FCA1 /* AMAlbumEditViewController.xib in Resources */ = {isa = PBXBuildFile; fileRef = 2D89721C18DF55F70049FCA1 /* AMAlbumEditViewController.xib */; };
		2D89722118DF85F30049FCA1 /* Album.m in Sources */ = {isa = PBXBuildFile; fileRef = 2D89722018DF85F30049FCA1 /* Album.m */; };
		2D89722418DF86310049FCA1 /* AMAlbumTableViewCell.m in Sources */ = {isa = PBXBuildFile; fileRef = 2D89722318DF86310049FCA1 /* AMAlbumTableViewCell.m */; };
/* End PBXBuildFile section */

/* Begin PBXContainerItemProxy section */
		2D89720518DF52BC0049FCA1 /* PBXContainerItemProxy */ = {
			isa = PBXContainerItemProxy;
			containerPortal = 2D8971D418DF52BC0049FCA1 /* Project object */;
			proxyType = 1;
			remoteGlobalIDString = 2D8971DB18DF52BC0049FCA1;
			remoteInfo = Lezione4_b;
		};
/* End PBXContainerItemProxy section */

/* Begin PBXFileReference section */
		2D8971DC18DF52BC0049FCA1 /* Lezione4_b.app */ = {isa = PBXFileReference; explicitFileType = wrapper.application; includeInIndex = 0; path = Lezione4_b.app; sourceTree = BUILT_PRODUCTS_DIR; };
		2D8971DF18DF52BC0049FCA1 /* Foundation.framework */ = {isa = PBXFileReference; lastKnownFileType = wrapper.framework; name = Foundation.framework; path = System/Library/Frameworks/Foundation.framework; sourceTree = SDKROOT; };
		2D8971E118DF52BC0049FCA1 /* CoreGraphics.framework */ = {isa = PBXFileReference; lastKnownFileType = wrapper.framework; name = CoreGraphics.framework; path = System/Library/Frameworks/CoreGraphics.framework; sourceTree = SDKROOT; };
		2D8971E318DF52BC0049FCA1 /* UIKit.framework */ = {isa = PBXFileReference; lastKnownFileType = wrapper.framework; name = UIKit.framework; path = System/Library/Frameworks/UIKit.framework; sourceTree = SDKROOT; };
		2D8971E718DF52BC0049FCA1 /* Lezione4_b-Info.plist */ = {isa = PBXFileReference; lastKnownFileType = text.plist.xml; path = "Lezione4_b-Info.plist"; sourceTree = "<group>"; };
		2D8971E918DF52BC0049FCA1 /* en */ = {isa = PBXFileReference; lastKnownFileType = text.plist.strings; name = en; path = en.lproj/InfoPlist.strings; sourceTree = "<group>"; };
		2D8971EB18DF52BC0049FCA1 /* main.m */ = {isa = PBXFileReference; lastKnownFileType = sourcecode.c.objc; path = main.m; sourceTree = "<group>"; };
		2D8971ED18DF52BC0049FCA1 /* Lezione4_b-Prefix.pch */ = {isa = PBXFileReference; lastKnownFileType = sourcecode.c.h; path = "Lezione4_b-Prefix.pch"; sourceTree = "<group>"; };
		2D8971EE18DF52BC0049FCA1 /* AMAppDelegate.h */ = {isa = PBXFileReference; lastKnownFileType = sourcecode.c.h; path = AMAppDelegate.h; sourceTree = "<group>"; };
		2D8971EF18DF52BC0049FCA1 /* AMAppDelegate.m */ = {isa = PBXFileReference; lastKnownFileType = sourcecode.c.objc; path = AMAppDelegate.m; sourceTree = "<group>"; };
		2D8971F218DF52BC0049FCA1 /* Base */ = {isa = PBXFileReference; lastKnownFileType = file.storyboard; name = Base; path = Base.lproj/Main_iPhone.storyboard; sourceTree = "<group>"; };
		2D8971F518DF52BC0049FCA1 /* Base */ = {isa = PBXFileReference; lastKnownFileType = file.storyboard; name = Base; path = Base.lproj/Main_iPad.storyboard; sourceTree = "<group>"; };
		2D8971FA18DF52BC0049FCA1 /* Images.xcassets */ = {isa = PBXFileReference; lastKnownFileType = folder.assetcatalog; path = Images.xcassets; sourceTree = "<group>"; };
		2D89720018DF52BC0049FCA1 /* Lezione4_bTests.xctest */ = {isa = PBXFileReference; explicitFileType = wrapper.cfbundle; includeInIndex = 0; path = Lezione4_bTests.xctest; sourceTree = BUILT_PRODUCTS_DIR; };
		2D89720118DF52BC0049FCA1 /* XCTest.framework */ = {isa = PBXFileReference; lastKnownFileType = wrapper.framework; name = XCTest.framework; path = Library/Frameworks/XCTest.framework; sourceTree = DEVELOPER_DIR; };
		2D89720918DF52BC0049FCA1 /* Lezione4_bTests-Info.plist */ = {isa = PBXFileReference; lastKnownFileType = text.plist.xml; path = "Lezione4_bTests-Info.plist"; sourceTree = "<group>"; };
		2D89720B18DF52BC0049FCA1 /* en */ = {isa = PBXFileReference; lastKnownFileType = text.plist.strings; name = en; path = en.lproj/InfoPlist.strings; sourceTree = "<group>"; };
		2D89720D18DF52BC0049FCA1 /* Lezione4_bTests.m */ = {isa = PBXFileReference; lastKnownFileType = sourcecode.c.objc; path = Lezione4_bTests.m; sourceTree = "<group>"; };
		2D89721718DF545F0049FCA1 /* AMAlbumListViewController.h */ = {isa = PBXFileReference; fileEncoding = 4; lastKnownFileType = sourcecode.c.h; name = AMAlbumListViewController.h; path = ../AMAlbumListViewController.h; sourceTree = "<group>"; };
		2D89721818DF545F0049FCA1 /* AMAlbumListViewController.m */ = {isa = PBXFileReference; fileEncoding = 4; lastKnownFileType = sourcecode.c.objc; name = AMAlbumListViewController.m; path = ../AMAlbumListViewController.m; sourceTree = "<group>"; };
		2D89721A18DF55F70049FCA1 /* AMAlbumEditViewController.h */ = {isa = PBXFileReference; fileEncoding = 4; lastKnownFileType = sourcecode.c.h; path = AMAlbumEditViewController.h; sourceTree = "<group>"; };
		2D89721B18DF55F70049FCA1 /* AMAlbumEditViewController.m */ = {isa = PBXFileReference; fileEncoding = 4; lastKnownFileType = sourcecode.c.objc; path = AMAlbumEditViewController.m; sourceTree = "<group>"; };
		2D89721C18DF55F70049FCA1 /* AMAlbumEditViewController.xib */ = {isa = PBXFileReference; fileEncoding = 4; lastKnownFileType = file.xib; path = AMAlbumEditViewController.xib; sourceTree = "<group>"; };
		2D89721F18DF85F30049FCA1 /* Album.h */ = {isa = PBXFileReference; fileEncoding = 4; lastKnownFileType = sourcecode.c.h; path = Album.h; sourceTree = "<group>"; };
		2D89722018DF85F30049FCA1 /* Album.m */ = {isa = PBXFileReference; fileEncoding = 4; lastKnownFileType = sourcecode.c.objc; path = Album.m; sourceTree = "<group>"; };
		2D89722218DF86310049FCA1 /* AMAlbumTableViewCell.h */ = {isa = PBXFileReference; fileEncoding = 4; lastKnownFileType = sourcecode.c.h; path = AMAlbumTableViewCell.h; sourceTree = "<group>"; };
		2D89722318DF86310049FCA1 /* AMAlbumTableViewCell.m */ = {isa = PBXFileReference; fileEncoding = 4; lastKnownFileType = sourcecode.c.objc; path = AMAlbumTableViewCell.m; sourceTree = "<group>"; };
/* End PBXFileReference section */

/* Begin PBXFrameworksBuildPhase section */
		2D8971D918DF52BC0049FCA1 /* Frameworks */ = {
			isa = PBXFrameworksBuildPhase;
			buildActionMask = 2147483647;
			files = (
				2D8971E218DF52BC0049FCA1 /* CoreGraphics.framework in Frameworks */,
				2D8971E418DF52BC0049FCA1 /* UIKit.framework in Frameworks */,
				2D8971E018DF52BC0049FCA1 /* Foundation.framework in Frameworks */,
			);
			runOnlyForDeploymentPostprocessing = 0;
		};
		2D8971FD18DF52BC0049FCA1 /* Frameworks */ = {
			isa = PBXFrameworksBuildPhase;
			buildActionMask = 2147483647;
			files = (
				2D89720218DF52BC0049FCA1 /* XCTest.framework in Frameworks */,
				2D89720418DF52BC0049FCA1 /* UIKit.framework in Frameworks */,
				2D89720318DF52BC0049FCA1 /* Foundation.framework in Frameworks */,
			);
			runOnlyForDeploymentPostprocessing = 0;
		};
/* End PBXFrameworksBuildPhase section */

/* Begin PBXGroup section */
		2D8971D318DF52BC0049FCA1 = {
			isa = PBXGroup;
			children = (
				2D8971E518DF52BC0049FCA1 /* Lezione4_b */,
				2D89720718DF52BC0049FCA1 /* Lezione4_bTests */,
				2D8971DE18DF52BC0049FCA1 /* Frameworks */,
				2D8971DD18DF52BC0049FCA1 /* Products */,
			);
			sourceTree = "<group>";
		};
		2D8971DD18DF52BC0049FCA1 /* Products */ = {
			isa = PBXGroup;
			children = (
				2D8971DC18DF52BC0049FCA1 /* Lezione4_b.app */,
				2D89720018DF52BC0049FCA1 /* Lezione4_bTests.xctest */,
			);
			name = Products;
			sourceTree = "<group>";
		};
		2D8971DE18DF52BC0049FCA1 /* Frameworks */ = {
			isa = PBXGroup;
			children = (
				2D8971DF18DF52BC0049FCA1 /* Foundation.framework */,
				2D8971E118DF52BC0049FCA1 /* CoreGraphics.framework */,
				2D8971E318DF52BC0049FCA1 /* UIKit.framework */,
				2D89720118DF52BC0049FCA1 /* XCTest.framework */,
			);
			name = Frameworks;
			sourceTree = "<group>";
		};
		2D8971E518DF52BC0049FCA1 /* Lezione4_b */ = {
			isa = PBXGroup;
			children = (
				2D89722218DF86310049FCA1 /* AMAlbumTableViewCell.h */,
				2D89722318DF86310049FCA1 /* AMAlbumTableViewCell.m */,
				2D89721718DF545F0049FCA1 /* AMAlbumListViewController.h */,
				2D89721818DF545F0049FCA1 /* AMAlbumListViewController.m */,
				2D8971EE18DF52BC0049FCA1 /* AMAppDelegate.h */,
				2D8971EF18DF52BC0049FCA1 /* AMAppDelegate.m */,
				2D8971F118DF52BC0049FCA1 /* Main_iPhone.storyboard */,
				2D8971F418DF52BC0049FCA1 /* Main_iPad.storyboard */,
				2D89721F18DF85F30049FCA1 /* Album.h */,
				2D89722018DF85F30049FCA1 /* Album.m */,
				2D8971FA18DF52BC0049FCA1 /* Images.xcassets */,
				2D8971E618DF52BC0049FCA1 /* Supporting Files */,
				2D89721A18DF55F70049FCA1 /* AMAlbumEditViewController.h */,
				2D89721B18DF55F70049FCA1 /* AMAlbumEditViewController.m */,
				2D89721C18DF55F70049FCA1 /* AMAlbumEditViewController.xib */,
			);
			path = Lezione4_b;
			sourceTree = "<group>";
		};
		2D8971E618DF52BC0049FCA1 /* Supporting Files */ = {
			isa = PBXGroup;
			children = (
				2D8971E718DF52BC0049FCA1 /* Lezione4_b-Info.plist */,
				2D8971E818DF52BC0049FCA1 /* InfoPlist.strings */,
				2D8971EB18DF52BC0049FCA1 /* main.m */,
				2D8971ED18DF52BC0049FCA1 /* Lezione4_b-Prefix.pch */,
			);
			name = "Supporting Files";
			sourceTree = "<group>";
		};
		2D89720718DF52BC0049FCA1 /* Lezione4_bTests */ = {
			isa = PBXGroup;
			children = (
				2D89720D18DF52BC0049FCA1 /* Lezione4_bTests.m */,
				2D89720818DF52BC0049FCA1 /* Supporting Files */,
			);
			path = Lezione4_bTests;
			sourceTree = "<group>";
		};
		2D89720818DF52BC0049FCA1 /* Supporting Files */ = {
			isa = PBXGroup;
			children = (
				2D89720918DF52BC0049FCA1 /* Lezione4_bTests-Info.plist */,
				2D89720A18DF52BC0049FCA1 /* InfoPlist.strings */,
			);
			name = "Supporting Files";
			sourceTree = "<group>";
		};
/* End PBXGroup section */

/* Begin PBXNativeTarget section */
		2D8971DB18DF52BC0049FCA1 /* Lezione4_b */ = {
			isa = PBXNativeTarget;
			buildConfigurationList = 2D89721118DF52BC0049FCA1 /* Build configuration list for PBXNativeTarget "Lezione4_b" */;
			buildPhases = (
				2D8971D818DF52BC0049FCA1 /* Sources */,
				2D8971D918DF52BC0049FCA1 /* Frameworks */,
				2D8971DA18DF52BC0049FCA1 /* Resources */,
			);
			buildRules = (
			);
			dependencies = (
			);
			name = Lezione4_b;
			productName = Lezione4_b;
			productReference = 2D8971DC18DF52BC0049FCA1 /* Lezione4_b.app */;
			productType = "com.apple.product-type.application";
		};
		2D8971FF18DF52BC0049FCA1 /* Lezione4_bTests */ = {
			isa = PBXNativeTarget;
			buildConfigurationList = 2D89721418DF52BC0049FCA1 /* Build configuration list for PBXNativeTarget "Lezione4_bTests" */;
			buildPhases = (
				2D8971FC18DF52BC0049FCA1 /* Sources */,
				2D8971FD18DF52BC0049FCA1 /* Frameworks */,
				2D8971FE18DF52BC0049FCA1 /* Resources */,
			);
			buildRules = (
			);
			dependencies = (
				2D89720618DF52BC0049FCA1 /* PBXTargetDependency */,
			);
			name = Lezione4_bTests;
			productName = Lezione4_bTests;
			productReference = 2D89720018DF52BC0049FCA1 /* Lezione4_bTests.xctest */;
			productType = "com.apple.product-type.bundle.unit-test";
		};
/* End PBXNativeTarget section */

/* Begin PBXProject section */
		2D8971D418DF52BC0049FCA1 /* Project object */ = {
			isa = PBXProject;
			attributes = {
				CLASSPREFIX = AM;
				LastUpgradeCheck = 0510;
				ORGANIZATIONNAME = "2AM Code";
				TargetAttributes = {
					2D8971FF18DF52BC0049FCA1 = {
						TestTargetID = 2D8971DB18DF52BC0049FCA1;
					};
				};
			};
			buildConfigurationList = 2D8971D718DF52BC0049FCA1 /* Build configuration list for PBXProject "Lezione4_b" */;
			compatibilityVersion = "Xcode 3.2";
			developmentRegion = English;
			hasScannedForEncodings = 0;
			knownRegions = (
				en,
				Base,
			);
			mainGroup = 2D8971D318DF52BC0049FCA1;
			productRefGroup = 2D8971DD18DF52BC0049FCA1 /* Products */;
			projectDirPath = "";
			projectRoot = "";
			targets = (
				2D8971DB18DF52BC0049FCA1 /* Lezione4_b */,
				2D8971FF18DF52BC0049FCA1 /* Lezione4_bTests */,
			);
		};
/* End PBXProject section */

/* Begin PBXResourcesBuildPhase section */
		2D8971DA18DF52BC0049FCA1 /* Resources */ = {
			isa = PBXResourcesBuildPhase;
			buildActionMask = 2147483647;
			files = (
				2D8971F618DF52BC0049FCA1 /* Main_iPad.storyboard in Resources */,
				2D8971FB18DF52BC0049FCA1 /* Images.xcassets in Resources */,
				2D89721E18DF55F70049FCA1 /* AMAlbumEditViewController.xib in Resources */,
				2D8971F318DF52BC0049FCA1 /* Main_iPhone.storyboard in Resources */,
				2D8971EA18DF52BC0049FCA1 /* InfoPlist.strings in Resources */,
			);
			runOnlyForDeploymentPostprocessing = 0;
		};
		2D8971FE18DF52BC0049FCA1 /* Resources */ = {
			isa = PBXResourcesBuildPhase;
			buildActionMask = 2147483647;
			files = (
				2D89720C18DF52BC0049FCA1 /* InfoPlist.strings in Resources */,
			);
			runOnlyForDeploymentPostprocessing = 0;
		};
/* End PBXResourcesBuildPhase section */

/* Begin PBXSourcesBuildPhase section */
		2D8971D818DF52BC0049FCA1 /* Sources */ = {
			isa = PBXSourcesBuildPhase;
			buildActionMask = 2147483647;
			files = (
				2D89721D18DF55F70049FCA1 /* AMAlbumEditViewController.m in Sources */,
				2D89721918DF545F0049FCA1 /* AMAlbumListViewController.m in Sources */,
				2D8971F018DF52BC0049FCA1 /* AMAppDelegate.m in Sources */,
				2D89722118DF85F30049FCA1 /* Album.m in Sources */,
				2D8971EC18DF52BC0049FCA1 /* main.m in Sources */,
				2D89722418DF86310049FCA1 /* AMAlbumTableViewCell.m in Sources */,
			);
			runOnlyForDeploymentPostprocessing = 0;
		};
		2D8971FC18DF52BC0049FCA1 /* Sources */ = {
			isa = PBXSourcesBuildPhase;
			buildActionMask = 2147483647;
			files = (
				2D89720E18DF52BC0049FCA1 /* Lezione4_bTests.m in Sources */,
			);
			runOnlyForDeploymentPostprocessing = 0;
		};
/* End PBXSourcesBuildPhase section */

/* Begin PBXTargetDependency section */
		2D89720618DF52BC0049FCA1 /* PBXTargetDependency */ = {
			isa = PBXTargetDependency;
			target = 2D8971DB18DF52BC0049FCA1 /* Lezione4_b */;
			targetProxy = 2D89720518DF52BC0049FCA1 /* PBXContainerItemProxy */;
		};
/* End PBXTargetDependency section */

/* Begin PBXVariantGroup section */
		2D8971E818DF52BC0049FCA1 /* InfoPlist.strings */ = {
			isa = PBXVariantGroup;
			children = (
				2D8971E918DF52BC0049FCA1 /* en */,
			);
			name = InfoPlist.strings;
			sourceTree = "<group>";
		};
		2D8971F118DF52BC0049FCA1 /* Main_iPhone.storyboard */ = {
			isa = PBXVariantGroup;
			children = (
				2D8971F218DF52BC0049FCA1 /* Base */,
			);
			name = Main_iPhone.storyboard;
			sourceTree = "<group>";
		};
		2D8971F418DF52BC0049FCA1 /* Main_iPad.storyboard */ = {
			isa = PBXVariantGroup;
			children = (
				2D8971F518DF52BC0049FCA1 /* Base */,
			);
			name = Main_iPad.storyboard;
			sourceTree = "<group>";
		};
		2D89720A18DF52BC0049FCA1 /* InfoPlist.strings */ = {
			isa = PBXVariantGroup;
			children = (
				2D89720B18DF52BC0049FCA1 /* en */,
			);
			name = InfoPlist.strings;
			sourceTree = "<group>";
		};
/* End PBXVariantGroup section */

/* Begin XCBuildConfiguration section */
		2D89720F18DF52BC0049FCA1 /* Debug */ = {
			isa = XCBuildConfiguration;
			buildSettings = {
				ALWAYS_SEARCH_USER_PATHS = NO;
				CLANG_CXX_LANGUAGE_STANDARD = "gnu++0x";
				CLANG_CXX_LIBRARY = "libc++";
				CLANG_ENABLE_MODULES = YES;
				CLANG_ENABLE_OBJC_ARC = YES;
				CLANG_WARN_BOOL_CONVERSION = YES;
				CLANG_WARN_CONSTANT_CONVERSION = YES;
				CLANG_WARN_DIRECT_OBJC_ISA_USAGE = YES_ERROR;
				CLANG_WARN_EMPTY_BODY = YES;
				CLANG_WARN_ENUM_CONVERSION = YES;
				CLANG_WARN_INT_CONVERSION = YES;
				CLANG_WARN_OBJC_ROOT_CLASS = YES_ERROR;
				CLANG_WARN__DUPLICATE_METHOD_MATCH = YES;
				"CODE_SIGN_IDENTITY[sdk=iphoneos*]" = "iPhone Developer";
				COPY_PHASE_STRIP = NO;
				GCC_C_LANGUAGE_STANDARD = gnu99;
				GCC_DYNAMIC_NO_PIC = NO;
				GCC_OPTIMIZATION_LEVEL = 0;
				GCC_PREPROCESSOR_DEFINITIONS = (
					"DEBUG=1",
					"$(inherited)",
				);
				GCC_SYMBOLS_PRIVATE_EXTERN = NO;
				GCC_WARN_64_TO_32_BIT_CONVERSION = YES;
				GCC_WARN_ABOUT_RETURN_TYPE = YES_ERROR;
				GCC_WARN_UNDECLARED_SELECTOR = YES;
				GCC_WARN_UNINITIALIZED_AUTOS = YES_AGGRESSIVE;
				GCC_WARN_UNUSED_FUNCTION = YES;
				GCC_WARN_UNUSED_VARIABLE = YES;
				IPHONEOS_DEPLOYMENT_TARGET = 7.1;
				ONLY_ACTIVE_ARCH = YES;
				SDKROOT = iphoneos;
				TARGETED_DEVICE_FAMILY = "1,2";
			};
			name = Debug;
		};
		2D89721018DF52BC0049FCA1 /* Release */ = {
			isa = XCBuildConfiguration;
			buildSettings = {
				ALWAYS_SEARCH_USER_PATHS = NO;
				CLANG_CXX_LANGUAGE_STANDARD = "gnu++0x";
				CLANG_CXX_LIBRARY = "libc++";
				CLANG_ENABLE_MODULES = YES;
				CLANG_ENABLE_OBJC_ARC = YES;
				CLANG_WARN_BOOL_CONVERSION = YES;
				CLANG_WARN_CONSTANT_CONVERSION = YES;
				CLANG_WARN_DIRECT_OBJC_ISA_USAGE = YES_ERROR;
				CLANG_WARN_EMPTY_BODY = YES;
				CLANG_WARN_ENUM_CONVERSION = YES;
				CLANG_WARN_INT_CONVERSION = YES;
				CLANG_WARN_OBJC_ROOT_CLASS = YES_ERROR;
				CLANG_WARN__DUPLICATE_METHOD_MATCH = YES;
				"CODE_SIGN_IDENTITY[sdk=iphoneos*]" = "iPhone Developer";
				COPY_PHASE_STRIP = YES;
				ENABLE_NS_ASSERTIONS = NO;
				GCC_C_LANGUAGE_STANDARD = gnu99;
				GCC_WARN_64_TO_32_BIT_CONVERSION = YES;
				GCC_WARN_ABOUT_RETURN_TYPE = YES_ERROR;
				GCC_WARN_UNDECLARED_SELECTOR = YES;
				GCC_WARN_UNINITIALIZED_AUTOS = YES_AGGRESSIVE;
				GCC_WARN_UNUSED_FUNCTION = YES;
				GCC_WARN_UNUSED_VARIABLE = YES;
				IPHONEOS_DEPLOYMENT_TARGET = 7.1;
				SDKROOT = iphoneos;
				TARGETED_DEVICE_FAMILY = "1,2";
				VALIDATE_PRODUCT = YES;
			};
			name = Release;
		};
		2D89721218DF52BC0049FCA1 /* Debug */ = {
			isa = XCBuildConfiguration;
			buildSettings = {
				ASSETCATALOG_COMPILER_APPICON_NAME = AppIcon;
				ASSETCATALOG_COMPILER_LAUNCHIMAGE_NAME = LaunchImage;
				GCC_PRECOMPILE_PREFIX_HEADER = YES;
				GCC_PREFIX_HEADER = "Lezione4_b/Lezione4_b-Prefix.pch";
				INFOPLIST_FILE = "Lezione4_b/Lezione4_b-Info.plist";
				PRODUCT_NAME = "$(TARGET_NAME)";
				WRAPPER_EXTENSION = app;
			};
			name = Debug;
		};
		2D89721318DF52BC0049FCA1 /* Release */ = {
			isa = XCBuildConfiguration;
			buildSettings = {
				ASSETCATALOG_COMPILER_APPICON_NAME = AppIcon;
				ASSETCATALOG_COMPILER_LAUNCHIMAGE_NAME = LaunchImage;
				GCC_PRECOMPILE_PREFIX_HEADER = YES;
				GCC_PREFIX_HEADER = "Lezione4_b/Lezione4_b-Prefix.pch";
				INFOPLIST_FILE = "Lezione4_b/Lezione4_b-Info.plist";
				PRODUCT_NAME = "$(TARGET_NAME)";
				WRAPPER_EXTENSION = app;
			};
			name = Release;
		};
		2D89721518DF52BC0049FCA1 /* Debug */ = {
			isa = XCBuildConfiguration;
			buildSettings = {
				BUNDLE_LOADER = "$(BUILT_PRODUCTS_DIR)/Lezione4_b.app/Lezione4_b";
				FRAMEWORK_SEARCH_PATHS = (
					"$(SDKROOT)/Developer/Library/Frameworks",
					"$(inherited)",
					"$(DEVELOPER_FRAMEWORKS_DIR)",
				);
				GCC_PRECOMPILE_PREFIX_HEADER = YES;
				GCC_PREFIX_HEADER = "Lezione4_b/Lezione4_b-Prefix.pch";
				GCC_PREPROCESSOR_DEFINITIONS = (
					"DEBUG=1",
					"$(inherited)",
				);
				INFOPLIST_FILE = "Lezione4_bTests/Lezione4_bTests-Info.plist";
				PRODUCT_NAME = "$(TARGET_NAME)";
				TEST_HOST = "$(BUNDLE_LOADER)";
				WRAPPER_EXTENSION = xctest;
			};
			name = Debug;
		};
		2D89721618DF52BC0049FCA1 /* Release */ = {
			isa = XCBuildConfiguration;
			buildSettings = {
				BUNDLE_LOADER = "$(BUILT_PRODUCTS_DIR)/Lezione4_b.app/Lezione4_b";
				FRAMEWORK_SEARCH_PATHS = (
					"$(SDKROOT)/Developer/Library/Frameworks",
					"$(inherited)",
					"$(DEVELOPER_FRAMEWORKS_DIR)",
				);
				GCC_PRECOMPILE_PREFIX_HEADER = YES;
				GCC_PREFIX_HEADER = "Lezione4_b/Lezione4_b-Prefix.pch";
				INFOPLIST_FILE = "Lezione4_bTests/Lezione4_bTests-Info.plist";
				PRODUCT_NAME = "$(TARGET_NAME)";
				TEST_HOST = "$(BUNDLE_LOADER)";
				WRAPPER_EXTENSION = xctest;
			};
			name = Release;
		};
/* End XCBuildConfiguration section */

/* Begin XCConfigurationList section */
		2D8971D718DF52BC0049FCA1 /* Build configuration list for PBXProject "Lezione4_b" */ = {
			isa = XCConfigurationList;
			buildConfigurations = (
				2D89720F18DF52BC0049FCA1 /* Debug */,
				2D89721018DF52BC0049FCA1 /* Release */,
			);
			defaultConfigurationIsVisible = 0;
			defaultConfigurationName = Release;
		};
		2D89721118DF52BC0049FCA1 /* Build configuration list for PBXNativeTarget "Lezione4_b" */ = {
			isa = XCConfigurationList;
			buildConfigurations = (
				2D89721218DF52BC0049FCA1 /* Debug */,
				2D89721318DF52BC0049FCA1 /* Release */,
			);
			defaultConfigurationIsVisible = 0;
		};
		2D89721418DF52BC0049FCA1 /* Build configuration list for PBXNativeTarget "Lezione4_bTests" */ = {
			isa = XCConfigurationList;
			buildConfigurations = (
				2D89721518DF52BC0049FCA1 /* Debug */,
				2D89721618DF52BC0049FCA1 /* Release */,
			);
			defaultConfigurationIsVisible = 0;
		};
/* End XCConfigurationList section */
	};
	rootObject = 2D8971D418DF52BC0049FCA1 /* Project object */;
}
