// !$*UTF8*$!
{
	archiveVersion = 1;
	classes = {
	};
	objectVersion = 46;
	objects = {

/* Begin PBXBuildFile section */
		2D6BE48D18C3333E004B6466 /* Foundation.framework in Frameworks */ = {isa = PBXBuildFile; fileRef = 2D6BE48C18C3333E004B6466 /* Foundation.framework */; };
		2D6BE48F18C3333E004B6466 /* CoreGraphics.framework in Frameworks */ = {isa = PBXBuildFile; fileRef = 2D6BE48E18C3333E004B6466 /* CoreGraphics.framework */; };
		2D6BE49118C3333E004B6466 /* UIKit.framework in Frameworks */ = {isa = PBXBuildFile; fileRef = 2D6BE49018C3333E004B6466 /* UIKit.framework */; };
		2D6BE49718C3333E004B6466 /* InfoPlist.strings in Resources */ = {isa = PBXBuildFile; fileRef = 2D6BE49518C3333E004B6466 /* InfoPlist.strings */; };
		2D6BE49918C3333E004B6466 /* main.m in Sources */ = {isa = PBXBuildFile; fileRef = 2D6BE49818C3333E004B6466 /* main.m */; };
		2D6BE49D18C3333E004B6466 /* AMAppDelegate.m in Sources */ = {isa = PBXBuildFile; fileRef = 2D6BE49C18C3333E004B6466 /* AMAppDelegate.m */; };
		2D6BE4A018C3333E004B6466 /* Main.storyboard in Resources */ = {isa = PBXBuildFile; fileRef = 2D6BE49E18C3333E004B6466 /* Main.storyboard */; };
		2D6BE4A318C3333E004B6466 /* AMViewController.m in Sources */ = {isa = PBXBuildFile; fileRef = 2D6BE4A218C3333E004B6466 /* AMViewController.m */; };
		2D6BE4A518C3333E004B6466 /* Images.xcassets in Resources */ = {isa = PBXBuildFile; fileRef = 2D6BE4A418C3333E004B6466 /* Images.xcassets */; };
		2D6BE4AC18C3333E004B6466 /* XCTest.framework in Frameworks */ = {isa = PBXBuildFile; fileRef = 2D6BE4AB18C3333E004B6466 /* XCTest.framework */; };
		2D6BE4AD18C3333E004B6466 /* Foundation.framework in Frameworks */ = {isa = PBXBuildFile; fileRef = 2D6BE48C18C3333E004B6466 /* Foundation.framework */; };
		2D6BE4AE18C3333E004B6466 /* UIKit.framework in Frameworks */ = {isa = PBXBuildFile; fileRef = 2D6BE49018C3333E004B6466 /* UIKit.framework */; };
		2D6BE4B618C3333E004B6466 /* InfoPlist.strings in Resources */ = {isa = PBXBuildFile; fileRef = 2D6BE4B418C3333E004B6466 /* InfoPlist.strings */; };
		2D6BE4B818C3333E004B6466 /* Lezione1_aTests.m in Sources */ = {isa = PBXBuildFile; fileRef = 2D6BE4B718C3333E004B6466 /* Lezione1_aTests.m */; };
		2D6BE4C318C33D13004B6466 /* AMViewDidAppearDelegate.m in Sources */ = {isa = PBXBuildFile; fileRef = 2D6BE4C218C33D13004B6466 /* AMViewDidAppearDelegate.m */; };
		2D6BE4C618C369F1004B6466 /* NSString+Additions.m in Sources */ = {isa = PBXBuildFile; fileRef = 2D6BE4C518C369F1004B6466 /* NSString+Additions.m */; };
/* End PBXBuildFile section */

/* Begin PBXContainerItemProxy section */
		2D6BE4AF18C3333E004B6466 /* PBXContainerItemProxy */ = {
			isa = PBXContainerItemProxy;
			containerPortal = 2D6BE48118C3333E004B6466 /* Project object */;
			proxyType = 1;
			remoteGlobalIDString = 2D6BE48818C3333E004B6466;
			remoteInfo = Lezione1_a;
		};
/* End PBXContainerItemProxy section */

/* Begin PBXFileReference section */
		2D6BE48918C3333E004B6466 /* Lezione1_a.app */ = {isa = PBXFileReference; explicitFileType = wrapper.application; includeInIndex = 0; path = Lezione1_a.app; sourceTree = BUILT_PRODUCTS_DIR; };
		2D6BE48C18C3333E004B6466 /* Foundation.framework */ = {isa = PBXFileReference; lastKnownFileType = wrapper.framework; name = Foundation.framework; path = System/Library/Frameworks/Foundation.framework; sourceTree = SDKROOT; };
		2D6BE48E18C3333E004B6466 /* CoreGraphics.framework */ = {isa = PBXFileReference; lastKnownFileType = wrapper.framework; name = CoreGraphics.framework; path = System/Library/Frameworks/CoreGraphics.framework; sourceTree = SDKROOT; };
		2D6BE49018C3333E004B6466 /* UIKit.framework */ = {isa = PBXFileReference; lastKnownFileType = wrapper.framework; name = UIKit.framework; path = System/Library/Frameworks/UIKit.framework; sourceTree = SDKROOT; };
		2D6BE49418C3333E004B6466 /* Lezione1_a-Info.plist */ = {isa = PBXFileReference; lastKnownFileType = text.plist.xml; path = "Lezione1_a-Info.plist"; sourceTree = "<group>"; };
		2D6BE49618C3333E004B6466 /* en */ = {isa = PBXFileReference; lastKnownFileType = text.plist.strings; name = en; path = en.lproj/InfoPlist.strings; sourceTree = "<group>"; };
		2D6BE49818C3333E004B6466 /* main.m */ = {isa = PBXFileReference; lastKnownFileType = sourcecode.c.objc; path = main.m; sourceTree = "<group>"; };
		2D6BE49A18C3333E004B6466 /* Lezione1_a-Prefix.pch */ = {isa = PBXFileReference; lastKnownFileType = sourcecode.c.h; path = "Lezione1_a-Prefix.pch"; sourceTree = "<group>"; };
		2D6BE49B18C3333E004B6466 /* AMAppDelegate.h */ = {isa = PBXFileReference; lastKnownFileType = sourcecode.c.h; path = AMAppDelegate.h; sourceTree = "<group>"; };
		2D6BE49C18C3333E004B6466 /* AMAppDelegate.m */ = {isa = PBXFileReference; lastKnownFileType = sourcecode.c.objc; path = AMAppDelegate.m; sourceTree = "<group>"; };
		2D6BE49F18C3333E004B6466 /* Base */ = {isa = PBXFileReference; lastKnownFileType = file.storyboard; name = Base; path = Base.lproj/Main.storyboard; sourceTree = "<group>"; };
		2D6BE4A118C3333E004B6466 /* AMViewController.h */ = {isa = PBXFileReference; lastKnownFileType = sourcecode.c.h; path = AMViewController.h; sourceTree = "<group>"; };
		2D6BE4A218C3333E004B6466 /* AMViewController.m */ = {isa = PBXFileReference; lastKnownFileType = sourcecode.c.objc; path = AMViewController.m; sourceTree = "<group>"; };
		2D6BE4A418C3333E004B6466 /* Images.xcassets */ = {isa = PBXFileReference; lastKnownFileType = folder.assetcatalog; path = Images.xcassets; sourceTree = "<group>"; };
		2D6BE4AA18C3333E004B6466 /* Lezione1_aTests.xctest */ = {isa = PBXFileReference; explicitFileType = wrapper.cfbundle; includeInIndex = 0; path = Lezione1_aTests.xctest; sourceTree = BUILT_PRODUCTS_DIR; };
		2D6BE4AB18C3333E004B6466 /* XCTest.framework */ = {isa = PBXFileReference; lastKnownFileType = wrapper.framework; name = XCTest.framework; path = Library/Frameworks/XCTest.framework; sourceTree = DEVELOPER_DIR; };
		2D6BE4B318C3333E004B6466 /* Lezione1_aTests-Info.plist */ = {isa = PBXFileReference; lastKnownFileType = text.plist.xml; path = "Lezione1_aTests-Info.plist"; sourceTree = "<group>"; };
		2D6BE4B518C3333E004B6466 /* en */ = {isa = PBXFileReference; lastKnownFileType = text.plist.strings; name = en; path = en.lproj/InfoPlist.strings; sourceTree = "<group>"; };
		2D6BE4B718C3333E004B6466 /* Lezione1_aTests.m */ = {isa = PBXFileReference; lastKnownFileType = sourcecode.c.objc; path = Lezione1_aTests.m; sourceTree = "<group>"; };
		2D6BE4C118C33D13004B6466 /* AMViewDidAppearDelegate.h */ = {isa = PBXFileReference; fileEncoding = 4; lastKnownFileType = sourcecode.c.h; path = AMViewDidAppearDelegate.h; sourceTree = "<group>"; };
		2D6BE4C218C33D13004B6466 /* AMViewDidAppearDelegate.m */ = {isa = PBXFileReference; fileEncoding = 4; lastKnownFileType = sourcecode.c.objc; path = AMViewDidAppearDelegate.m; sourceTree = "<group>"; };
		2D6BE4C418C369F1004B6466 /* NSString+Additions.h */ = {isa = PBXFileReference; fileEncoding = 4; lastKnownFileType = sourcecode.c.h; path = "NSString+Additions.h"; sourceTree = "<group>"; };
		2D6BE4C518C369F1004B6466 /* NSString+Additions.m */ = {isa = PBXFileReference; fileEncoding = 4; lastKnownFileType = sourcecode.c.objc; path = "NSString+Additions.m"; sourceTree = "<group>"; };
/* End PBXFileReference section */

/* Begin PBXFrameworksBuildPhase section */
		2D6BE48618C3333E004B6466 /* Frameworks */ = {
			isa = PBXFrameworksBuildPhase;
			buildActionMask = 2147483647;
			files = (
				2D6BE48F18C3333E004B6466 /* CoreGraphics.framework in Frameworks */,
				2D6BE49118C3333E004B6466 /* UIKit.framework in Frameworks */,
				2D6BE48D18C3333E004B6466 /* Foundation.framework in Frameworks */,
			);
			runOnlyForDeploymentPostprocessing = 0;
		};
		2D6BE4A718C3333E004B6466 /* Frameworks */ = {
			isa = PBXFrameworksBuildPhase;
			buildActionMask = 2147483647;
			files = (
				2D6BE4AC18C3333E004B6466 /* XCTest.framework in Frameworks */,
				2D6BE4AE18C3333E004B6466 /* UIKit.framework in Frameworks */,
				2D6BE4AD18C3333E004B6466 /* Foundation.framework in Frameworks */,
			);
			runOnlyForDeploymentPostprocessing = 0;
		};
/* End PBXFrameworksBuildPhase section */

/* Begin PBXGroup section */
		2D6BE48018C3333E004B6466 = {
			isa = PBXGroup;
			children = (
				2D6BE49218C3333E004B6466 /* Lezione1_a */,
				2D6BE4B118C3333E004B6466 /* Lezione1_aTests */,
				2D6BE48B18C3333E004B6466 /* Frameworks */,
				2D6BE48A18C3333E004B6466 /* Products */,
			);
			sourceTree = "<group>";
		};
		2D6BE48A18C3333E004B6466 /* Products */ = {
			isa = PBXGroup;
			children = (
				2D6BE48918C3333E004B6466 /* Lezione1_a.app */,
				2D6BE4AA18C3333E004B6466 /* Lezione1_aTests.xctest */,
			);
			name = Products;
			sourceTree = "<group>";
		};
		2D6BE48B18C3333E004B6466 /* Frameworks */ = {
			isa = PBXGroup;
			children = (
				2D6BE48C18C3333E004B6466 /* Foundation.framework */,
				2D6BE48E18C3333E004B6466 /* CoreGraphics.framework */,
				2D6BE49018C3333E004B6466 /* UIKit.framework */,
				2D6BE4AB18C3333E004B6466 /* XCTest.framework */,
			);
			name = Frameworks;
			sourceTree = "<group>";
		};
		2D6BE49218C3333E004B6466 /* Lezione1_a */ = {
			isa = PBXGroup;
			children = (
				2D6BE49B18C3333E004B6466 /* AMAppDelegate.h */,
				2D6BE49C18C3333E004B6466 /* AMAppDelegate.m */,
				2D6BE49E18C3333E004B6466 /* Main.storyboard */,
				2D6BE4A118C3333E004B6466 /* AMViewController.h */,
				2D6BE4A218C3333E004B6466 /* AMViewController.m */,
				2D6BE4C118C33D13004B6466 /* AMViewDidAppearDelegate.h */,
				2D6BE4C218C33D13004B6466 /* AMViewDidAppearDelegate.m */,
				2D6BE4C418C369F1004B6466 /* NSString+Additions.h */,
				2D6BE4C518C369F1004B6466 /* NSString+Additions.m */,
				2D6BE4A418C3333E004B6466 /* Images.xcassets */,
				2D6BE49318C3333E004B6466 /* Supporting Files */,
			);
			path = Lezione1_a;
			sourceTree = "<group>";
		};
		2D6BE49318C3333E004B6466 /* Supporting Files */ = {
			isa = PBXGroup;
			children = (
				2D6BE49418C3333E004B6466 /* Lezione1_a-Info.plist */,
				2D6BE49518C3333E004B6466 /* InfoPlist.strings */,
				2D6BE49818C3333E004B6466 /* main.m */,
				2D6BE49A18C3333E004B6466 /* Lezione1_a-Prefix.pch */,
			);
			name = "Supporting Files";
			sourceTree = "<group>";
		};
		2D6BE4B118C3333E004B6466 /* Lezione1_aTests */ = {
			isa = PBXGroup;
			children = (
				2D6BE4B718C3333E004B6466 /* Lezione1_aTests.m */,
				2D6BE4B218C3333E004B6466 /* Supporting Files */,
			);
			path = Lezione1_aTests;
			sourceTree = "<group>";
		};
		2D6BE4B218C3333E004B6466 /* Supporting Files */ = {
			isa = PBXGroup;
			children = (
				2D6BE4B318C3333E004B6466 /* Lezione1_aTests-Info.plist */,
				2D6BE4B418C3333E004B6466 /* InfoPlist.strings */,
			);
			name = "Supporting Files";
			sourceTree = "<group>";
		};
/* End PBXGroup section */

/* Begin PBXNativeTarget section */
		2D6BE48818C3333E004B6466 /* Lezione1_a */ = {
			isa = PBXNativeTarget;
			buildConfigurationList = 2D6BE4BB18C3333E004B6466 /* Build configuration list for PBXNativeTarget "Lezione1_a" */;
			buildPhases = (
				2D6BE48518C3333E004B6466 /* Sources */,
				2D6BE48618C3333E004B6466 /* Frameworks */,
				2D6BE48718C3333E004B6466 /* Resources */,
			);
			buildRules = (
			);
			dependencies = (
			);
			name = Lezione1_a;
			productName = Lezione1_a;
			productReference = 2D6BE48918C3333E004B6466 /* Lezione1_a.app */;
			productType = "com.apple.product-type.application";
		};
		2D6BE4A918C3333E004B6466 /* Lezione1_aTests */ = {
			isa = PBXNativeTarget;
			buildConfigurationList = 2D6BE4BE18C3333E004B6466 /* Build configuration list for PBXNativeTarget "Lezione1_aTests" */;
			buildPhases = (
				2D6BE4A618C3333E004B6466 /* Sources */,
				2D6BE4A718C3333E004B6466 /* Frameworks */,
				2D6BE4A818C3333E004B6466 /* Resources */,
			);
			buildRules = (
			);
			dependencies = (
				2D6BE4B018C3333E004B6466 /* PBXTargetDependency */,
			);
			name = Lezione1_aTests;
			productName = Lezione1_aTests;
			productReference = 2D6BE4AA18C3333E004B6466 /* Lezione1_aTests.xctest */;
			productType = "com.apple.product-type.bundle.unit-test";
		};
/* End PBXNativeTarget section */

/* Begin PBXProject section */
		2D6BE48118C3333E004B6466 /* Project object */ = {
			isa = PBXProject;
			attributes = {
				CLASSPREFIX = AM;
				LastUpgradeCheck = 0500;
				ORGANIZATIONNAME = "2AM Code";
				TargetAttributes = {
					2D6BE4A918C3333E004B6466 = {
						TestTargetID = 2D6BE48818C3333E004B6466;
					};
				};
			};
			buildConfigurationList = 2D6BE48418C3333E004B6466 /* Build configuration list for PBXProject "Lezione1_a" */;
			compatibilityVersion = "Xcode 3.2";
			developmentRegion = English;
			hasScannedForEncodings = 0;
			knownRegions = (
				en,
				Base,
			);
			mainGroup = 2D6BE48018C3333E004B6466;
			productRefGroup = 2D6BE48A18C3333E004B6466 /* Products */;
			projectDirPath = "";
			projectRoot = "";
			targets = (
				2D6BE48818C3333E004B6466 /* Lezione1_a */,
				2D6BE4A918C3333E004B6466 /* Lezione1_aTests */,
			);
		};
/* End PBXProject section */

/* Begin PBXResourcesBuildPhase section */
		2D6BE48718C3333E004B6466 /* Resources */ = {
			isa = PBXResourcesBuildPhase;
			buildActionMask = 2147483647;
			files = (
				2D6BE4A518C3333E004B6466 /* Images.xcassets in Resources */,
				2D6BE49718C3333E004B6466 /* InfoPlist.strings in Resources */,
				2D6BE4A018C3333E004B6466 /* Main.storyboard in Resources */,
			);
			runOnlyForDeploymentPostprocessing = 0;
		};
		2D6BE4A818C3333E004B6466 /* Resources */ = {
			isa = PBXResourcesBuildPhase;
			buildActionMask = 2147483647;
			files = (
				2D6BE4B618C3333E004B6466 /* InfoPlist.strings in Resources */,
			);
			runOnlyForDeploymentPostprocessing = 0;
		};
/* End PBXResourcesBuildPhase section */

/* Begin PBXSourcesBuildPhase section */
		2D6BE48518C3333E004B6466 /* Sources */ = {
			isa = PBXSourcesBuildPhase;
			buildActionMask = 2147483647;
			files = (
				2D6BE4C318C33D13004B6466 /* AMViewDidAppearDelegate.m in Sources */,
				2D6BE49D18C3333E004B6466 /* AMAppDelegate.m in Sources */,
				2D6BE4A318C3333E004B6466 /* AMViewController.m in Sources */,
				2D6BE4C618C369F1004B6466 /* NSString+Additions.m in Sources */,
				2D6BE49918C3333E004B6466 /* main.m in Sources */,
			);
			runOnlyForDeploymentPostprocessing = 0;
		};
		2D6BE4A618C3333E004B6466 /* Sources */ = {
			isa = PBXSourcesBuildPhase;
			buildActionMask = 2147483647;
			files = (
				2D6BE4B818C3333E004B6466 /* Lezione1_aTests.m in Sources */,
			);
			runOnlyForDeploymentPostprocessing = 0;
		};
/* End PBXSourcesBuildPhase section */

/* Begin PBXTargetDependency section */
		2D6BE4B018C3333E004B6466 /* PBXTargetDependency */ = {
			isa = PBXTargetDependency;
			target = 2D6BE48818C3333E004B6466 /* Lezione1_a */;
			targetProxy = 2D6BE4AF18C3333E004B6466 /* PBXContainerItemProxy */;
		};
/* End PBXTargetDependency section */

/* Begin PBXVariantGroup section */
		2D6BE49518C3333E004B6466 /* InfoPlist.strings */ = {
			isa = PBXVariantGroup;
			children = (
				2D6BE49618C3333E004B6466 /* en */,
			);
			name = InfoPlist.strings;
			sourceTree = "<group>";
		};
		2D6BE49E18C3333E004B6466 /* Main.storyboard */ = {
			isa = PBXVariantGroup;
			children = (
				2D6BE49F18C3333E004B6466 /* Base */,
			);
			name = Main.storyboard;
			sourceTree = "<group>";
		};
		2D6BE4B418C3333E004B6466 /* InfoPlist.strings */ = {
			isa = PBXVariantGroup;
			children = (
				2D6BE4B518C3333E004B6466 /* en */,
			);
			name = InfoPlist.strings;
			sourceTree = "<group>";
		};
/* End PBXVariantGroup section */

/* Begin XCBuildConfiguration section */
		2D6BE4B918C3333E004B6466 /* Debug */ = {
			isa = XCBuildConfiguration;
			buildSettings = {
				ALWAYS_SEARCH_USER_PATHS = NO;
				ARCHS = "$(ARCHS_STANDARD_INCLUDING_64_BIT)";
				CLANG_CXX_LANGUAGE_STANDARD = "gnu++0x";
				CLANG_CXX_LIBRARY = "libc++";
				CLANG_ENABLE_MODULES = YES;
				CLANG_ENABLE_OBJC_ARC = YES;
				CLANG_WARN_BOOL_CONVERSION = YES;
				CLANG_WARN_CONSTANT_CONVERSION = YES;
				CLANG_WARN_DIRECT_OBJC_ISA_USAGE = YES_ERROR;
				CLANG_WARN_EMPTY_BODY = YES;
				CLANG_WARN_ENUM_CONVERSION = YES;
				CLANG_WARN_INT_CONVERSION = YES;
				CLANG_WARN_OBJC_ROOT_CLASS = YES_ERROR;
				CLANG_WARN__DUPLICATE_METHOD_MATCH = YES;
				"CODE_SIGN_IDENTITY[sdk=iphoneos*]" = "iPhone Developer";
				COPY_PHASE_STRIP = NO;
				GCC_C_LANGUAGE_STANDARD = gnu99;
				GCC_DYNAMIC_NO_PIC = NO;
				GCC_OPTIMIZATION_LEVEL = 0;
				GCC_PREPROCESSOR_DEFINITIONS = (
					"DEBUG=1",
					"$(inherited)",
				);
				GCC_SYMBOLS_PRIVATE_EXTERN = NO;
				GCC_WARN_64_TO_32_BIT_CONVERSION = YES;
				GCC_WARN_ABOUT_RETURN_TYPE = YES_ERROR;
				GCC_WARN_UNDECLARED_SELECTOR = YES;
				GCC_WARN_UNINITIALIZED_AUTOS = YES;
				GCC_WARN_UNUSED_FUNCTION = YES;
				GCC_WARN_UNUSED_VARIABLE = YES;
				IPHONEOS_DEPLOYMENT_TARGET = 7.0;
				ONLY_ACTIVE_ARCH = YES;
				SDKROOT = iphoneos;
			};
			name = Debug;
		};
		2D6BE4BA18C3333E004B6466 /* Release */ = {
			isa = XCBuildConfiguration;
			buildSettings = {
				ALWAYS_SEARCH_USER_PATHS = NO;
				ARCHS = "$(ARCHS_STANDARD_INCLUDING_64_BIT)";
				CLANG_CXX_LANGUAGE_STANDARD = "gnu++0x";
				CLANG_CXX_LIBRARY = "libc++";
				CLANG_ENABLE_MODULES = YES;
				CLANG_ENABLE_OBJC_ARC = YES;
				CLANG_WARN_BOOL_CONVERSION = YES;
				CLANG_WARN_CONSTANT_CONVERSION = YES;
				CLANG_WARN_DIRECT_OBJC_ISA_USAGE = YES_ERROR;
				CLANG_WARN_EMPTY_BODY = YES;
				CLANG_WARN_ENUM_CONVERSION = YES;
				CLANG_WARN_INT_CONVERSION = YES;
				CLANG_WARN_OBJC_ROOT_CLASS = YES_ERROR;
				CLANG_WARN__DUPLICATE_METHOD_MATCH = YES;
				"CODE_SIGN_IDENTITY[sdk=iphoneos*]" = "iPhone Developer";
				COPY_PHASE_STRIP = YES;
				ENABLE_NS_ASSERTIONS = NO;
				GCC_C_LANGUAGE_STANDARD = gnu99;
				GCC_WARN_64_TO_32_BIT_CONVERSION = YES;
				GCC_WARN_ABOUT_RETURN_TYPE = YES_ERROR;
				GCC_WARN_UNDECLARED_SELECTOR = YES;
				GCC_WARN_UNINITIALIZED_AUTOS = YES;
				GCC_WARN_UNUSED_FUNCTION = YES;
				GCC_WARN_UNUSED_VARIABLE = YES;
				IPHONEOS_DEPLOYMENT_TARGET = 7.0;
				SDKROOT = iphoneos;
				VALIDATE_PRODUCT = YES;
			};
			name = Release;
		};
		2D6BE4BC18C3333E004B6466 /* Debug */ = {
			isa = XCBuildConfiguration;
			buildSettings = {
				ASSETCATALOG_COMPILER_APPICON_NAME = AppIcon;
				ASSETCATALOG_COMPILER_LAUNCHIMAGE_NAME = LaunchImage;
				GCC_PRECOMPILE_PREFIX_HEADER = YES;
				GCC_PREFIX_HEADER = "Lezione1_a/Lezione1_a-Prefix.pch";
				INFOPLIST_FILE = "Lezione1_a/Lezione1_a-Info.plist";
				PRODUCT_NAME = "$(TARGET_NAME)";
				WRAPPER_EXTENSION = app;
			};
			name = Debug;
		};
		2D6BE4BD18C3333E004B6466 /* Release */ = {
			isa = XCBuildConfiguration;
			buildSettings = {
				ASSETCATALOG_COMPILER_APPICON_NAME = AppIcon;
				ASSETCATALOG_COMPILER_LAUNCHIMAGE_NAME = LaunchImage;
				GCC_PRECOMPILE_PREFIX_HEADER = YES;
				GCC_PREFIX_HEADER = "Lezione1_a/Lezione1_a-Prefix.pch";
				INFOPLIST_FILE = "Lezione1_a/Lezione1_a-Info.plist";
				PRODUCT_NAME = "$(TARGET_NAME)";
				WRAPPER_EXTENSION = app;
			};
			name = Release;
		};
		2D6BE4BF18C3333E004B6466 /* Debug */ = {
			isa = XCBuildConfiguration;
			buildSettings = {
				ARCHS = "$(ARCHS_STANDARD_INCLUDING_64_BIT)";
				BUNDLE_LOADER = "$(BUILT_PRODUCTS_DIR)/Lezione1_a.app/Lezione1_a";
				FRAMEWORK_SEARCH_PATHS = (
					"$(SDKROOT)/Developer/Library/Frameworks",
					"$(inherited)",
					"$(DEVELOPER_FRAMEWORKS_DIR)",
				);
				GCC_PRECOMPILE_PREFIX_HEADER = YES;
				GCC_PREFIX_HEADER = "Lezione1_a/Lezione1_a-Prefix.pch";
				GCC_PREPROCESSOR_DEFINITIONS = (
					"DEBUG=1",
					"$(inherited)",
				);
				INFOPLIST_FILE = "Lezione1_aTests/Lezione1_aTests-Info.plist";
				PRODUCT_NAME = "$(TARGET_NAME)";
				TEST_HOST = "$(BUNDLE_LOADER)";
				WRAPPER_EXTENSION = xctest;
			};
			name = Debug;
		};
		2D6BE4C018C3333E004B6466 /* Release */ = {
			isa = XCBuildConfiguration;
			buildSettings = {
				ARCHS = "$(ARCHS_STANDARD_INCLUDING_64_BIT)";
				BUNDLE_LOADER = "$(BUILT_PRODUCTS_DIR)/Lezione1_a.app/Lezione1_a";
				FRAMEWORK_SEARCH_PATHS = (
					"$(SDKROOT)/Developer/Library/Frameworks",
					"$(inherited)",
					"$(DEVELOPER_FRAMEWORKS_DIR)",
				);
				GCC_PRECOMPILE_PREFIX_HEADER = YES;
				GCC_PREFIX_HEADER = "Lezione1_a/Lezione1_a-Prefix.pch";
				INFOPLIST_FILE = "Lezione1_aTests/Lezione1_aTests-Info.plist";
				PRODUCT_NAME = "$(TARGET_NAME)";
				TEST_HOST = "$(BUNDLE_LOADER)";
				WRAPPER_EXTENSION = xctest;
			};
			name = Release;
		};
/* End XCBuildConfiguration section */

/* Begin XCConfigurationList section */
		2D6BE48418C3333E004B6466 /* Build configuration list for PBXProject "Lezione1_a" */ = {
			isa = XCConfigurationList;
			buildConfigurations = (
				2D6BE4B918C3333E004B6466 /* Debug */,
				2D6BE4BA18C3333E004B6466 /* Release */,
			);
			defaultConfigurationIsVisible = 0;
			defaultConfigurationName = Release;
		};
		2D6BE4BB18C3333E004B6466 /* Build configuration list for PBXNativeTarget "Lezione1_a" */ = {
			isa = XCConfigurationList;
			buildConfigurations = (
				2D6BE4BC18C3333E004B6466 /* Debug */,
				2D6BE4BD18C3333E004B6466 /* Release */,
			);
			defaultConfigurationIsVisible = 0;
		};
		2D6BE4BE18C3333E004B6466 /* Build configuration list for PBXNativeTarget "Lezione1_aTests" */ = {
			isa = XCConfigurationList;
			buildConfigurations = (
				2D6BE4BF18C3333E004B6466 /* Debug */,
				2D6BE4C018C3333E004B6466 /* Release */,
			);
			defaultConfigurationIsVisible = 0;
		};
/* End XCConfigurationList section */
	};
	rootObject = 2D6BE48118C3333E004B6466 /* Project object */;
}
