// !$*UTF8*$!
{
	archiveVersion = 1;
	classes = {
	};
	objectVersion = 46;
	objects = {

/* Begin PBXBuildFile section */
		2D6BE4D418C370E8004B6466 /* Foundation.framework in Frameworks */ = {isa = PBXBuildFile; fileRef = 2D6BE4D318C370E8004B6466 /* Foundation.framework */; };
		2D6BE4D618C370E8004B6466 /* CoreGraphics.framework in Frameworks */ = {isa = PBXBuildFile; fileRef = 2D6BE4D518C370E8004B6466 /* CoreGraphics.framework */; };
		2D6BE4D818C370E8004B6466 /* UIKit.framework in Frameworks */ = {isa = PBXBuildFile; fileRef = 2D6BE4D718C370E8004B6466 /* UIKit.framework */; };
		2D6BE4DE18C370E8004B6466 /* InfoPlist.strings in Resources */ = {isa = PBXBuildFile; fileRef = 2D6BE4DC18C370E8004B6466 /* InfoPlist.strings */; };
		2D6BE4E018C370E8004B6466 /* main.m in Sources */ = {isa = PBXBuildFile; fileRef = 2D6BE4DF18C370E8004B6466 /* main.m */; };
		2D6BE4E418C370E8004B6466 /* AMAppDelegate.m in Sources */ = {isa = PBXBuildFile; fileRef = 2D6BE4E318C370E8004B6466 /* AMAppDelegate.m */; };
		2D6BE4E718C370E8004B6466 /* Main.storyboard in Resources */ = {isa = PBXBuildFile; fileRef = 2D6BE4E518C370E8004B6466 /* Main.storyboard */; };
		2D6BE4EA18C370E8004B6466 /* AMFirstViewController.m in Sources */ = {isa = PBXBuildFile; fileRef = 2D6BE4E918C370E8004B6466 /* AMFirstViewController.m */; };
		2D6BE4ED18C370E8004B6466 /* AMSecondViewController.m in Sources */ = {isa = PBXBuildFile; fileRef = 2D6BE4EC18C370E8004B6466 /* AMSecondViewController.m */; };
		2D6BE4EF18C370E8004B6466 /* Images.xcassets in Resources */ = {isa = PBXBuildFile; fileRef = 2D6BE4EE18C370E8004B6466 /* Images.xcassets */; };
		2D6BE4F618C370E8004B6466 /* XCTest.framework in Frameworks */ = {isa = PBXBuildFile; fileRef = 2D6BE4F518C370E8004B6466 /* XCTest.framework */; };
		2D6BE4F718C370E8004B6466 /* Foundation.framework in Frameworks */ = {isa = PBXBuildFile; fileRef = 2D6BE4D318C370E8004B6466 /* Foundation.framework */; };
		2D6BE4F818C370E8004B6466 /* UIKit.framework in Frameworks */ = {isa = PBXBuildFile; fileRef = 2D6BE4D718C370E8004B6466 /* UIKit.framework */; };
		2D6BE50018C370E8004B6466 /* InfoPlist.strings in Resources */ = {isa = PBXBuildFile; fileRef = 2D6BE4FE18C370E8004B6466 /* InfoPlist.strings */; };
		2D6BE50218C370E8004B6466 /* Lezione2_aTests.m in Sources */ = {isa = PBXBuildFile; fileRef = 2D6BE50118C370E8004B6466 /* Lezione2_aTests.m */; };
		2D6BE50D18C374E1004B6466 /* AMTableViewController.m in Sources */ = {isa = PBXBuildFile; fileRef = 2D6BE50C18C374E1004B6466 /* AMTableViewController.m */; };
		2D6BE51018C376A7004B6466 /* AMCollectionViewController.m in Sources */ = {isa = PBXBuildFile; fileRef = 2D6BE50F18C376A7004B6466 /* AMCollectionViewController.m */; };
		2D6BE51318C377B2004B6466 /* AMCollectionViewCell.m in Sources */ = {isa = PBXBuildFile; fileRef = 2D6BE51218C377B2004B6466 /* AMCollectionViewCell.m */; };
		2D6BE51918C37DE9004B6466 /* image1.jpeg in Resources */ = {isa = PBXBuildFile; fileRef = 2D6BE51418C37DE9004B6466 /* image1.jpeg */; };
		2D6BE51A18C37DE9004B6466 /* image2.jpeg in Resources */ = {isa = PBXBuildFile; fileRef = 2D6BE51518C37DE9004B6466 /* image2.jpeg */; };
		2D6BE51B18C37DE9004B6466 /* image3.jpeg in Resources */ = {isa = PBXBuildFile; fileRef = 2D6BE51618C37DE9004B6466 /* image3.jpeg */; };
		2D6BE51C18C37DE9004B6466 /* image4.jpeg in Resources */ = {isa = PBXBuildFile; fileRef = 2D6BE51718C37DE9004B6466 /* image4.jpeg */; };
		2D6BE51D18C37DE9004B6466 /* image5.jpeg in Resources */ = {isa = PBXBuildFile; fileRef = 2D6BE51818C37DE9004B6466 /* image5.jpeg */; };
		2D6BE51F18C38034004B6466 /* image6.jpeg in Resources */ = {isa = PBXBuildFile; fileRef = 2D6BE51E18C38034004B6466 /* image6.jpeg */; };
/* End PBXBuildFile section */

/* Begin PBXContainerItemProxy section */
		2D6BE4F918C370E8004B6466 /* PBXContainerItemProxy */ = {
			isa = PBXContainerItemProxy;
			containerPortal = 2D6BE4C818C370E8004B6466 /* Project object */;
			proxyType = 1;
			remoteGlobalIDString = 2D6BE4CF18C370E8004B6466;
			remoteInfo = Lezione2_a;
		};
/* End PBXContainerItemProxy section */

/* Begin PBXFileReference section */
		2D6BE4D018C370E8004B6466 /* Lezione2_a.app */ = {isa = PBXFileReference; explicitFileType = wrapper.application; includeInIndex = 0; path = Lezione2_a.app; sourceTree = BUILT_PRODUCTS_DIR; };
		2D6BE4D318C370E8004B6466 /* Foundation.framework */ = {isa = PBXFileReference; lastKnownFileType = wrapper.framework; name = Foundation.framework; path = System/Library/Frameworks/Foundation.framework; sourceTree = SDKROOT; };
		2D6BE4D518C370E8004B6466 /* CoreGraphics.framework */ = {isa = PBXFileReference; lastKnownFileType = wrapper.framework; name = CoreGraphics.framework; path = System/Library/Frameworks/CoreGraphics.framework; sourceTree = SDKROOT; };
		2D6BE4D718C370E8004B6466 /* UIKit.framework */ = {isa = PBXFileReference; lastKnownFileType = wrapper.framework; name = UIKit.framework; path = System/Library/Frameworks/UIKit.framework; sourceTree = SDKROOT; };
		2D6BE4DB18C370E8004B6466 /* Lezione2_a-Info.plist */ = {isa = PBXFileReference; lastKnownFileType = text.plist.xml; path = "Lezione2_a-Info.plist"; sourceTree = "<group>"; };
		2D6BE4DD18C370E8004B6466 /* en */ = {isa = PBXFileReference; lastKnownFileType = text.plist.strings; name = en; path = en.lproj/InfoPlist.strings; sourceTree = "<group>"; };
		2D6BE4DF18C370E8004B6466 /* main.m */ = {isa = PBXFileReference; lastKnownFileType = sourcecode.c.objc; path = main.m; sourceTree = "<group>"; };
		2D6BE4E118C370E8004B6466 /* Lezione2_a-Prefix.pch */ = {isa = PBXFileReference; lastKnownFileType = sourcecode.c.h; path = "Lezione2_a-Prefix.pch"; sourceTree = "<group>"; };
		2D6BE4E218C370E8004B6466 /* AMAppDelegate.h */ = {isa = PBXFileReference; lastKnownFileType = sourcecode.c.h; path = AMAppDelegate.h; sourceTree = "<group>"; };
		2D6BE4E318C370E8004B6466 /* AMAppDelegate.m */ = {isa = PBXFileReference; lastKnownFileType = sourcecode.c.objc; path = AMAppDelegate.m; sourceTree = "<group>"; };
		2D6BE4E618C370E8004B6466 /* Base */ = {isa = PBXFileReference; lastKnownFileType = file.storyboard; name = Base; path = Base.lproj/Main.storyboard; sourceTree = "<group>"; };
		2D6BE4E818C370E8004B6466 /* AMFirstViewController.h */ = {isa = PBXFileReference; lastKnownFileType = sourcecode.c.h; path = AMFirstViewController.h; sourceTree = "<group>"; };
		2D6BE4E918C370E8004B6466 /* AMFirstViewController.m */ = {isa = PBXFileReference; lastKnownFileType = sourcecode.c.objc; path = AMFirstViewController.m; sourceTree = "<group>"; };
		2D6BE4EB18C370E8004B6466 /* AMSecondViewController.h */ = {isa = PBXFileReference; lastKnownFileType = sourcecode.c.h; path = AMSecondViewController.h; sourceTree = "<group>"; };
		2D6BE4EC18C370E8004B6466 /* AMSecondViewController.m */ = {isa = PBXFileReference; lastKnownFileType = sourcecode.c.objc; path = AMSecondViewController.m; sourceTree = "<group>"; };
		2D6BE4EE18C370E8004B6466 /* Images.xcassets */ = {isa = PBXFileReference; lastKnownFileType = folder.assetcatalog; path = Images.xcassets; sourceTree = "<group>"; };
		2D6BE4F418C370E8004B6466 /* Lezione2_aTests.xctest */ = {isa = PBXFileReference; explicitFileType = wrapper.cfbundle; includeInIndex = 0; path = Lezione2_aTests.xctest; sourceTree = BUILT_PRODUCTS_DIR; };
		2D6BE4F518C370E8004B6466 /* XCTest.framework */ = {isa = PBXFileReference; lastKnownFileType = wrapper.framework; name = XCTest.framework; path = Library/Frameworks/XCTest.framework; sourceTree = DEVELOPER_DIR; };
		2D6BE4FD18C370E8004B6466 /* Lezione2_aTests-Info.plist */ = {isa = PBXFileReference; lastKnownFileType = text.plist.xml; path = "Lezione2_aTests-Info.plist"; sourceTree = "<group>"; };
		2D6BE4FF18C370E8004B6466 /* en */ = {isa = PBXFileReference; lastKnownFileType = text.plist.strings; name = en; path = en.lproj/InfoPlist.strings; sourceTree = "<group>"; };
		2D6BE50118C370E8004B6466 /* Lezione2_aTests.m */ = {isa = PBXFileReference; lastKnownFileType = sourcecode.c.objc; path = Lezione2_aTests.m; sourceTree = "<group>"; };
		2D6BE50B18C374E1004B6466 /* AMTableViewController.h */ = {isa = PBXFileReference; fileEncoding = 4; lastKnownFileType = sourcecode.c.h; path = AMTableViewController.h; sourceTree = "<group>"; };
		2D6BE50C18C374E1004B6466 /* AMTableViewController.m */ = {isa = PBXFileReference; fileEncoding = 4; lastKnownFileType = sourcecode.c.objc; path = AMTableViewController.m; sourceTree = "<group>"; };
		2D6BE50E18C376A7004B6466 /* AMCollectionViewController.h */ = {isa = PBXFileReference; fileEncoding = 4; lastKnownFileType = sourcecode.c.h; path = AMCollectionViewController.h; sourceTree = "<group>"; };
		2D6BE50F18C376A7004B6466 /* AMCollectionViewController.m */ = {isa = PBXFileReference; fileEncoding = 4; lastKnownFileType = sourcecode.c.objc; path = AMCollectionViewController.m; sourceTree = "<group>"; };
		2D6BE51118C377B2004B6466 /* AMCollectionViewCell.h */ = {isa = PBXFileReference; fileEncoding = 4; lastKnownFileType = sourcecode.c.h; path = AMCollectionViewCell.h; sourceTree = "<group>"; };
		2D6BE51218C377B2004B6466 /* AMCollectionViewCell.m */ = {isa = PBXFileReference; fileEncoding = 4; lastKnownFileType = sourcecode.c.objc; path = AMCollectionViewCell.m; sourceTree = "<group>"; };
		2D6BE51418C37DE9004B6466 /* image1.jpeg */ = {isa = PBXFileReference; lastKnownFileType = image.jpeg; path = image1.jpeg; sourceTree = "<group>"; };
		2D6BE51518C37DE9004B6466 /* image2.jpeg */ = {isa = PBXFileReference; lastKnownFileType = image.jpeg; path = image2.jpeg; sourceTree = "<group>"; };
		2D6BE51618C37DE9004B6466 /* image3.jpeg */ = {isa = PBXFileReference; lastKnownFileType = image.jpeg; path = image3.jpeg; sourceTree = "<group>"; };
		2D6BE51718C37DE9004B6466 /* image4.jpeg */ = {isa = PBXFileReference; lastKnownFileType = image.jpeg; path = image4.jpeg; sourceTree = "<group>"; };
		2D6BE51818C37DE9004B6466 /* image5.jpeg */ = {isa = PBXFileReference; lastKnownFileType = image.jpeg; path = image5.jpeg; sourceTree = "<group>"; };
		2D6BE51E18C38034004B6466 /* image6.jpeg */ = {isa = PBXFileReference; lastKnownFileType = image.jpeg; path = image6.jpeg; sourceTree = "<group>"; };
/* End PBXFileReference section */

/* Begin PBXFrameworksBuildPhase section */
		2D6BE4CD18C370E8004B6466 /* Frameworks */ = {
			isa = PBXFrameworksBuildPhase;
			buildActionMask = 2147483647;
			files = (
				2D6BE4D618C370E8004B6466 /* CoreGraphics.framework in Frameworks */,
				2D6BE4D818C370E8004B6466 /* UIKit.framework in Frameworks */,
				2D6BE4D418C370E8004B6466 /* Foundation.framework in Frameworks */,
			);
			runOnlyForDeploymentPostprocessing = 0;
		};
		2D6BE4F118C370E8004B6466 /* Frameworks */ = {
			isa = PBXFrameworksBuildPhase;
			buildActionMask = 2147483647;
			files = (
				2D6BE4F618C370E8004B6466 /* XCTest.framework in Frameworks */,
				2D6BE4F818C370E8004B6466 /* UIKit.framework in Frameworks */,
				2D6BE4F718C370E8004B6466 /* Foundation.framework in Frameworks */,
			);
			runOnlyForDeploymentPostprocessing = 0;
		};
/* End PBXFrameworksBuildPhase section */

/* Begin PBXGroup section */
		2D6BE4C718C370E8004B6466 = {
			isa = PBXGroup;
			children = (
				2D6BE4D918C370E8004B6466 /* Lezione2_a */,
				2D6BE4FB18C370E8004B6466 /* Lezione2_aTests */,
				2D6BE4D218C370E8004B6466 /* Frameworks */,
				2D6BE4D118C370E8004B6466 /* Products */,
			);
			sourceTree = "<group>";
		};
		2D6BE4D118C370E8004B6466 /* Products */ = {
			isa = PBXGroup;
			children = (
				2D6BE4D018C370E8004B6466 /* Lezione2_a.app */,
				2D6BE4F418C370E8004B6466 /* Lezione2_aTests.xctest */,
			);
			name = Products;
			sourceTree = "<group>";
		};
		2D6BE4D218C370E8004B6466 /* Frameworks */ = {
			isa = PBXGroup;
			children = (
				2D6BE4D318C370E8004B6466 /* Foundation.framework */,
				2D6BE4D518C370E8004B6466 /* CoreGraphics.framework */,
				2D6BE4D718C370E8004B6466 /* UIKit.framework */,
				2D6BE4F518C370E8004B6466 /* XCTest.framework */,
			);
			name = Frameworks;
			sourceTree = "<group>";
		};
		2D6BE4D918C370E8004B6466 /* Lezione2_a */ = {
			isa = PBXGroup;
			children = (
				2D6BE4E218C370E8004B6466 /* AMAppDelegate.h */,
				2D6BE4E318C370E8004B6466 /* AMAppDelegate.m */,
				2D6BE4E518C370E8004B6466 /* Main.storyboard */,
				2D6BE4E818C370E8004B6466 /* AMFirstViewController.h */,
				2D6BE4E918C370E8004B6466 /* AMFirstViewController.m */,
				2D6BE4EB18C370E8004B6466 /* AMSecondViewController.h */,
				2D6BE4EC18C370E8004B6466 /* AMSecondViewController.m */,
				2D6BE50B18C374E1004B6466 /* AMTableViewController.h */,
				2D6BE50C18C374E1004B6466 /* AMTableViewController.m */,
				2D6BE50E18C376A7004B6466 /* AMCollectionViewController.h */,
				2D6BE50F18C376A7004B6466 /* AMCollectionViewController.m */,
				2D6BE51118C377B2004B6466 /* AMCollectionViewCell.h */,
				2D6BE51218C377B2004B6466 /* AMCollectionViewCell.m */,
				2D6BE51418C37DE9004B6466 /* image1.jpeg */,
				2D6BE51518C37DE9004B6466 /* image2.jpeg */,
				2D6BE51618C37DE9004B6466 /* image3.jpeg */,
				2D6BE51718C37DE9004B6466 /* image4.jpeg */,
				2D6BE51818C37DE9004B6466 /* image5.jpeg */,
				2D6BE51E18C38034004B6466 /* image6.jpeg */,
				2D6BE4EE18C370E8004B6466 /* Images.xcassets */,
				2D6BE4DA18C370E8004B6466 /* Supporting Files */,
			);
			path = Lezione2_a;
			sourceTree = "<group>";
		};
		2D6BE4DA18C370E8004B6466 /* Supporting Files */ = {
			isa = PBXGroup;
			children = (
				2D6BE4DB18C370E8004B6466 /* Lezione2_a-Info.plist */,
				2D6BE4DC18C370E8004B6466 /* InfoPlist.strings */,
				2D6BE4DF18C370E8004B6466 /* main.m */,
				2D6BE4E118C370E8004B6466 /* Lezione2_a-Prefix.pch */,
			);
			name = "Supporting Files";
			sourceTree = "<group>";
		};
		2D6BE4FB18C370E8004B6466 /* Lezione2_aTests */ = {
			isa = PBXGroup;
			children = (
				2D6BE50118C370E8004B6466 /* Lezione2_aTests.m */,
				2D6BE4FC18C370E8004B6466 /* Supporting Files */,
			);
			path = Lezione2_aTests;
			sourceTree = "<group>";
		};
		2D6BE4FC18C370E8004B6466 /* Supporting Files */ = {
			isa = PBXGroup;
			children = (
				2D6BE4FD18C370E8004B6466 /* Lezione2_aTests-Info.plist */,
				2D6BE4FE18C370E8004B6466 /* InfoPlist.strings */,
			);
			name = "Supporting Files";
			sourceTree = "<group>";
		};
/* End PBXGroup section */

/* Begin PBXNativeTarget section */
		2D6BE4CF18C370E8004B6466 /* Lezione2_a */ = {
			isa = PBXNativeTarget;
			buildConfigurationList = 2D6BE50518C370E8004B6466 /* Build configuration list for PBXNativeTarget "Lezione2_a" */;
			buildPhases = (
				2D6BE4CC18C370E8004B6466 /* Sources */,
				2D6BE4CD18C370E8004B6466 /* Frameworks */,
				2D6BE4CE18C370E8004B6466 /* Resources */,
			);
			buildRules = (
			);
			dependencies = (
			);
			name = Lezione2_a;
			productName = Lezione2_a;
			productReference = 2D6BE4D018C370E8004B6466 /* Lezione2_a.app */;
			productType = "com.apple.product-type.application";
		};
		2D6BE4F318C370E8004B6466 /* Lezione2_aTests */ = {
			isa = PBXNativeTarget;
			buildConfigurationList = 2D6BE50818C370E8004B6466 /* Build configuration list for PBXNativeTarget "Lezione2_aTests" */;
			buildPhases = (
				2D6BE4F018C370E8004B6466 /* Sources */,
				2D6BE4F118C370E8004B6466 /* Frameworks */,
				2D6BE4F218C370E8004B6466 /* Resources */,
			);
			buildRules = (
			);
			dependencies = (
				2D6BE4FA18C370E8004B6466 /* PBXTargetDependency */,
			);
			name = Lezione2_aTests;
			productName = Lezione2_aTests;
			productReference = 2D6BE4F418C370E8004B6466 /* Lezione2_aTests.xctest */;
			productType = "com.apple.product-type.bundle.unit-test";
		};
/* End PBXNativeTarget section */

/* Begin PBXProject section */
		2D6BE4C818C370E8004B6466 /* Project object */ = {
			isa = PBXProject;
			attributes = {
				CLASSPREFIX = AM;
				LastUpgradeCheck = 0500;
				ORGANIZATIONNAME = "2AM Code";
				TargetAttributes = {
					2D6BE4F318C370E8004B6466 = {
						TestTargetID = 2D6BE4CF18C370E8004B6466;
					};
				};
			};
			buildConfigurationList = 2D6BE4CB18C370E8004B6466 /* Build configuration list for PBXProject "Lezione2_a" */;
			compatibilityVersion = "Xcode 3.2";
			developmentRegion = English;
			hasScannedForEncodings = 0;
			knownRegions = (
				en,
				Base,
			);
			mainGroup = 2D6BE4C718C370E8004B6466;
			productRefGroup = 2D6BE4D118C370E8004B6466 /* Products */;
			projectDirPath = "";
			projectRoot = "";
			targets = (
				2D6BE4CF18C370E8004B6466 /* Lezione2_a */,
				2D6BE4F318C370E8004B6466 /* Lezione2_aTests */,
			);
		};
/* End PBXProject section */

/* Begin PBXResourcesBuildPhase section */
		2D6BE4CE18C370E8004B6466 /* Resources */ = {
			isa = PBXResourcesBuildPhase;
			buildActionMask = 2147483647;
			files = (
				2D6BE4EF18C370E8004B6466 /* Images.xcassets in Resources */,
				2D6BE51A18C37DE9004B6466 /* image2.jpeg in Resources */,
				2D6BE4DE18C370E8004B6466 /* InfoPlist.strings in Resources */,
				2D6BE51C18C37DE9004B6466 /* image4.jpeg in Resources */,
				2D6BE4E718C370E8004B6466 /* Main.storyboard in Resources */,
				2D6BE51918C37DE9004B6466 /* image1.jpeg in Resources */,
				2D6BE51B18C37DE9004B6466 /* image3.jpeg in Resources */,
				2D6BE51D18C37DE9004B6466 /* image5.jpeg in Resources */,
				2D6BE51F18C38034004B6466 /* image6.jpeg in Resources */,
			);
			runOnlyForDeploymentPostprocessing = 0;
		};
		2D6BE4F218C370E8004B6466 /* Resources */ = {
			isa = PBXResourcesBuildPhase;
			buildActionMask = 2147483647;
			files = (
				2D6BE50018C370E8004B6466 /* InfoPlist.strings in Resources */,
			);
			runOnlyForDeploymentPostprocessing = 0;
		};
/* End PBXResourcesBuildPhase section */

/* Begin PBXSourcesBuildPhase section */
		2D6BE4CC18C370E8004B6466 /* Sources */ = {
			isa = PBXSourcesBuildPhase;
			buildActionMask = 2147483647;
			files = (
				2D6BE51318C377B2004B6466 /* AMCollectionViewCell.m in Sources */,
				2D6BE4ED18C370E8004B6466 /* AMSecondViewController.m in Sources */,
				2D6BE4EA18C370E8004B6466 /* AMFirstViewController.m in Sources */,
				2D6BE51018C376A7004B6466 /* AMCollectionViewController.m in Sources */,
				2D6BE4E418C370E8004B6466 /* AMAppDelegate.m in Sources */,
				2D6BE50D18C374E1004B6466 /* AMTableViewController.m in Sources */,
				2D6BE4E018C370E8004B6466 /* main.m in Sources */,
			);
			runOnlyForDeploymentPostprocessing = 0;
		};
		2D6BE4F018C370E8004B6466 /* Sources */ = {
			isa = PBXSourcesBuildPhase;
			buildActionMask = 2147483647;
			files = (
				2D6BE50218C370E8004B6466 /* Lezione2_aTests.m in Sources */,
			);
			runOnlyForDeploymentPostprocessing = 0;
		};
/* End PBXSourcesBuildPhase section */

/* Begin PBXTargetDependency section */
		2D6BE4FA18C370E8004B6466 /* PBXTargetDependency */ = {
			isa = PBXTargetDependency;
			target = 2D6BE4CF18C370E8004B6466 /* Lezione2_a */;
			targetProxy = 2D6BE4F918C370E8004B6466 /* PBXContainerItemProxy */;
		};
/* End PBXTargetDependency section */

/* Begin PBXVariantGroup section */
		2D6BE4DC18C370E8004B6466 /* InfoPlist.strings */ = {
			isa = PBXVariantGroup;
			children = (
				2D6BE4DD18C370E8004B6466 /* en */,
			);
			name = InfoPlist.strings;
			sourceTree = "<group>";
		};
		2D6BE4E518C370E8004B6466 /* Main.storyboard */ = {
			isa = PBXVariantGroup;
			children = (
				2D6BE4E618C370E8004B6466 /* Base */,
			);
			name = Main.storyboard;
			sourceTree = "<group>";
		};
		2D6BE4FE18C370E8004B6466 /* InfoPlist.strings */ = {
			isa = PBXVariantGroup;
			children = (
				2D6BE4FF18C370E8004B6466 /* en */,
			);
			name = InfoPlist.strings;
			sourceTree = "<group>";
		};
/* End PBXVariantGroup section */

/* Begin XCBuildConfiguration section */
		2D6BE50318C370E8004B6466 /* Debug */ = {
			isa = XCBuildConfiguration;
			buildSettings = {
				ALWAYS_SEARCH_USER_PATHS = NO;
				ARCHS = "$(ARCHS_STANDARD_INCLUDING_64_BIT)";
				CLANG_CXX_LANGUAGE_STANDARD = "gnu++0x";
				CLANG_CXX_LIBRARY = "libc++";
				CLANG_ENABLE_MODULES = YES;
				CLANG_ENABLE_OBJC_ARC = YES;
				CLANG_WARN_BOOL_CONVERSION = YES;
				CLANG_WARN_CONSTANT_CONVERSION = YES;
				CLANG_WARN_DIRECT_OBJC_ISA_USAGE = YES_ERROR;
				CLANG_WARN_EMPTY_BODY = YES;
				CLANG_WARN_ENUM_CONVERSION = YES;
				CLANG_WARN_INT_CONVERSION = YES;
				CLANG_WARN_OBJC_ROOT_CLASS = YES_ERROR;
				CLANG_WARN__DUPLICATE_METHOD_MATCH = YES;
				"CODE_SIGN_IDENTITY[sdk=iphoneos*]" = "iPhone Developer";
				COPY_PHASE_STRIP = NO;
				GCC_C_LANGUAGE_STANDARD = gnu99;
				GCC_DYNAMIC_NO_PIC = NO;
				GCC_OPTIMIZATION_LEVEL = 0;
				GCC_PREPROCESSOR_DEFINITIONS = (
					"DEBUG=1",
					"$(inherited)",
				);
				GCC_SYMBOLS_PRIVATE_EXTERN = NO;
				GCC_WARN_64_TO_32_BIT_CONVERSION = YES;
				GCC_WARN_ABOUT_RETURN_TYPE = YES_ERROR;
				GCC_WARN_UNDECLARED_SELECTOR = YES;
				GCC_WARN_UNINITIALIZED_AUTOS = YES;
				GCC_WARN_UNUSED_FUNCTION = YES;
				GCC_WARN_UNUSED_VARIABLE = YES;
				IPHONEOS_DEPLOYMENT_TARGET = 7.0;
				ONLY_ACTIVE_ARCH = YES;
				SDKROOT = iphoneos;
			};
			name = Debug;
		};
		2D6BE50418C370E8004B6466 /* Release */ = {
			isa = XCBuildConfiguration;
			buildSettings = {
				ALWAYS_SEARCH_USER_PATHS = NO;
				ARCHS = "$(ARCHS_STANDARD_INCLUDING_64_BIT)";
				CLANG_CXX_LANGUAGE_STANDARD = "gnu++0x";
				CLANG_CXX_LIBRARY = "libc++";
				CLANG_ENABLE_MODULES = YES;
				CLANG_ENABLE_OBJC_ARC = YES;
				CLANG_WARN_BOOL_CONVERSION = YES;
				CLANG_WARN_CONSTANT_CONVERSION = YES;
				CLANG_WARN_DIRECT_OBJC_ISA_USAGE = YES_ERROR;
				CLANG_WARN_EMPTY_BODY = YES;
				CLANG_WARN_ENUM_CONVERSION = YES;
				CLANG_WARN_INT_CONVERSION = YES;
				CLANG_WARN_OBJC_ROOT_CLASS = YES_ERROR;
				CLANG_WARN__DUPLICATE_METHOD_MATCH = YES;
				"CODE_SIGN_IDENTITY[sdk=iphoneos*]" = "iPhone Developer";
				COPY_PHASE_STRIP = YES;
				ENABLE_NS_ASSERTIONS = NO;
				GCC_C_LANGUAGE_STANDARD = gnu99;
				GCC_WARN_64_TO_32_BIT_CONVERSION = YES;
				GCC_WARN_ABOUT_RETURN_TYPE = YES_ERROR;
				GCC_WARN_UNDECLARED_SELECTOR = YES;
				GCC_WARN_UNINITIALIZED_AUTOS = YES;
				GCC_WARN_UNUSED_FUNCTION = YES;
				GCC_WARN_UNUSED_VARIABLE = YES;
				IPHONEOS_DEPLOYMENT_TARGET = 7.0;
				SDKROOT = iphoneos;
				VALIDATE_PRODUCT = YES;
			};
			name = Release;
		};
		2D6BE50618C370E8004B6466 /* Debug */ = {
			isa = XCBuildConfiguration;
			buildSettings = {
				ASSETCATALOG_COMPILER_APPICON_NAME = AppIcon;
				ASSETCATALOG_COMPILER_LAUNCHIMAGE_NAME = LaunchImage;
				GCC_PRECOMPILE_PREFIX_HEADER = YES;
				GCC_PREFIX_HEADER = "Lezione2_a/Lezione2_a-Prefix.pch";
				INFOPLIST_FILE = "Lezione2_a/Lezione2_a-Info.plist";
				PRODUCT_NAME = "$(TARGET_NAME)";
				WRAPPER_EXTENSION = app;
			};
			name = Debug;
		};
		2D6BE50718C370E8004B6466 /* Release */ = {
			isa = XCBuildConfiguration;
			buildSettings = {
				ASSETCATALOG_COMPILER_APPICON_NAME = AppIcon;
				ASSETCATALOG_COMPILER_LAUNCHIMAGE_NAME = LaunchImage;
				GCC_PRECOMPILE_PREFIX_HEADER = YES;
				GCC_PREFIX_HEADER = "Lezione2_a/Lezione2_a-Prefix.pch";
				INFOPLIST_FILE = "Lezione2_a/Lezione2_a-Info.plist";
				PRODUCT_NAME = "$(TARGET_NAME)";
				WRAPPER_EXTENSION = app;
			};
			name = Release;
		};
		2D6BE50918C370E8004B6466 /* Debug */ = {
			isa = XCBuildConfiguration;
			buildSettings = {
				ARCHS = "$(ARCHS_STANDARD_INCLUDING_64_BIT)";
				BUNDLE_LOADER = "$(BUILT_PRODUCTS_DIR)/Lezione2_a.app/Lezione2_a";
				FRAMEWORK_SEARCH_PATHS = (
					"$(SDKROOT)/Developer/Library/Frameworks",
					"$(inherited)",
					"$(DEVELOPER_FRAMEWORKS_DIR)",
				);
				GCC_PRECOMPILE_PREFIX_HEADER = YES;
				GCC_PREFIX_HEADER = "Lezione2_a/Lezione2_a-Prefix.pch";
				GCC_PREPROCESSOR_DEFINITIONS = (
					"DEBUG=1",
					"$(inherited)",
				);
				INFOPLIST_FILE = "Lezione2_aTests/Lezione2_aTests-Info.plist";
				PRODUCT_NAME = "$(TARGET_NAME)";
				TEST_HOST = "$(BUNDLE_LOADER)";
				WRAPPER_EXTENSION = xctest;
			};
			name = Debug;
		};
		2D6BE50A18C370E8004B6466 /* Release */ = {
			isa = XCBuildConfiguration;
			buildSettings = {
				ARCHS = "$(ARCHS_STANDARD_INCLUDING_64_BIT)";
				BUNDLE_LOADER = "$(BUILT_PRODUCTS_DIR)/Lezione2_a.app/Lezione2_a";
				FRAMEWORK_SEARCH_PATHS = (
					"$(SDKROOT)/Developer/Library/Frameworks",
					"$(inherited)",
					"$(DEVELOPER_FRAMEWORKS_DIR)",
				);
				GCC_PRECOMPILE_PREFIX_HEADER = YES;
				GCC_PREFIX_HEADER = "Lezione2_a/Lezione2_a-Prefix.pch";
				INFOPLIST_FILE = "Lezione2_aTests/Lezione2_aTests-Info.plist";
				PRODUCT_NAME = "$(TARGET_NAME)";
				TEST_HOST = "$(BUNDLE_LOADER)";
				WRAPPER_EXTENSION = xctest;
			};
			name = Release;
		};
/* End XCBuildConfiguration section */

/* Begin XCConfigurationList section */
		2D6BE4CB18C370E8004B6466 /* Build configuration list for PBXProject "Lezione2_a" */ = {
			isa = XCConfigurationList;
			buildConfigurations = (
				2D6BE50318C370E8004B6466 /* Debug */,
				2D6BE50418C370E8004B6466 /* Release */,
			);
			defaultConfigurationIsVisible = 0;
			defaultConfigurationName = Release;
		};
		2D6BE50518C370E8004B6466 /* Build configuration list for PBXNativeTarget "Lezione2_a" */ = {
			isa = XCConfigurationList;
			buildConfigurations = (
				2D6BE50618C370E8004B6466 /* Debug */,
				2D6BE50718C370E8004B6466 /* Release */,
			);
			defaultConfigurationIsVisible = 0;
		};
		2D6BE50818C370E8004B6466 /* Build configuration list for PBXNativeTarget "Lezione2_aTests" */ = {
			isa = XCConfigurationList;
			buildConfigurations = (
				2D6BE50918C370E8004B6466 /* Debug */,
				2D6BE50A18C370E8004B6466 /* Release */,
			);
			defaultConfigurationIsVisible = 0;
		};
/* End XCConfigurationList section */
	};
	rootObject = 2D6BE4C818C370E8004B6466 /* Project object */;
}
